
Microsoft Visual Studio Solution File, Format Version 12.00
# Visual Studio 2013
VisualStudioVersion = 12.0.30723.0
MinimumVisualStudioVersion = 10.0.40219.1
Project("{FAE04EC0-301F-11D3-BF4B-00C04F79EFBC}") = "Diyes.Store", "Diyes.Store\Diyes.Store.csproj", "{25328865-529D-4ECE-AAE2-427919340037}"
EndProject
Project("{FAE04EC0-301F-11D3-BF4B-00C04F79EFBC}") = "Diyes.Test", "Diyes.Test\Diyes.Test.csproj", "{29C724AC-3CBA-4303-8A42-3ACAD0EBE708}"
EndProject
Project("{FAE04EC0-301F-11D3-BF4B-00C04F79EFBC}") = "Diyes.AppendOnlyStore", "Diyes.AppendOnlyStore\Diyes.AppendOnlyStore.csproj", "{566B9216-F8EB-4218-8892-1499090F2A1C}"
EndProject
Project("{2150E333-8FDC-42A3-9474-1A3956D46DE8}") = ".nuget", ".nuget", "{BBE38E77-E1F6-4FA9-A1A3-CA3AEE5158F5}"
	ProjectSection(SolutionItems) = preProject
		.nuget\NuGet.Config = .nuget\NuGet.Config
		.nuget\NuGet.exe = .nuget\NuGet.exe
		.nuget\NuGet.targets = .nuget\NuGet.targets
	EndProjectSection
EndProject
Project("{FAE04EC0-301F-11D3-BF4B-00C04F79EFBC}") = "Diyes.CQRS", "Diyes.CQRS\Diyes.CQRS.csproj", "{45FE1464-CBC9-4518-B27C-5EC4019073EC}"
EndProject
Project("{FAE04EC0-301F-11D3-BF4B-00C04F79EFBC}") = "Diyes.BankExample", "Diyes.BankExample\Diyes.BankExample.csproj", "{C3998EB9-0C3B-4CFD-9F92-B47989B77308}"
EndProject
Project("{FAE04EC0-301F-11D3-BF4B-00C04F79EFBC}") = "Diyes.MsSqlAppendOnlyStore", "Diyes.MsSqlAppendOnlyStore\Diyes.MsSqlAppendOnlyStore.csproj", "{AB4F51B5-D3DF-4F8F-8A12-95044A2CC716}"
EndProject
Project("{FAE04EC0-301F-11D3-BF4B-00C04F79EFBC}") = "Diyes.MsSqlAppendOnlyStore.Test", "Diyes.MsSqlAppendOnlyStore.Test\Diyes.MsSqlAppendOnlyStore.Test.csproj", "{ED464512-7D64-4799-A580-1C88F0EEA08D}"
EndProject
Project("{FAE04EC0-301F-11D3-BF4B-00C04F79EFBC}") = "Diyes.RavenDbStore", "Diyes.RavenDbStore\Diyes.RavenDbStore.csproj", "{AE252DB0-13B7-41AB-83B4-CC4C16F6432D}"
EndProject
Project("{2150E333-8FDC-42A3-9474-1A3956D46DE8}") = "Tests", "Tests", "{82C05E72-3953-49DC-BC09-72C3A459979E}"
EndProject
Project("{FAE04EC0-301F-11D3-BF4B-00C04F79EFBC}") = "Diyes.RavenDbStore.Test", "Diyes.RavenDbStore.Test\Diyes.RavenDbStore.Test.csproj", "{BCF8C097-4A0E-45D5-BFFF-7CE22D744AB0}"
EndProject
Global
	GlobalSection(SolutionConfigurationPlatforms) = preSolution
		Debug|Any CPU = Debug|Any CPU
		Release|Any CPU = Release|Any CPU
	EndGlobalSection
	GlobalSection(ProjectConfigurationPlatforms) = postSolution
		{25328865-529D-4ECE-AAE2-427919340037}.Debug|Any CPU.ActiveCfg = Debug|Any CPU
		{25328865-529D-4ECE-AAE2-427919340037}.Debug|Any CPU.Build.0 = Debug|Any CPU
		{25328865-529D-4ECE-AAE2-427919340037}.Release|Any CPU.ActiveCfg = Release|Any CPU
		{25328865-529D-4ECE-AAE2-427919340037}.Release|Any CPU.Build.0 = Release|Any CPU
		{29C724AC-3CBA-4303-8A42-3ACAD0EBE708}.Debug|Any CPU.ActiveCfg = Debug|Any CPU
		{29C724AC-3CBA-4303-8A42-3ACAD0EBE708}.Debug|Any CPU.Build.0 = Debug|Any CPU
		{29C724AC-3CBA-4303-8A42-3ACAD0EBE708}.Release|Any CPU.ActiveCfg = Release|Any CPU
		{29C724AC-3CBA-4303-8A42-3ACAD0EBE708}.Release|Any CPU.Build.0 = Release|Any CPU
		{566B9216-F8EB-4218-8892-1499090F2A1C}.Debug|Any CPU.ActiveCfg = Debug|Any CPU
		{566B9216-F8EB-4218-8892-1499090F2A1C}.Debug|Any CPU.Build.0 = Debug|Any CPU
		{566B9216-F8EB-4218-8892-1499090F2A1C}.Release|Any CPU.ActiveCfg = Release|Any CPU
		{566B9216-F8EB-4218-8892-1499090F2A1C}.Release|Any CPU.Build.0 = Release|Any CPU
		{45FE1464-CBC9-4518-B27C-5EC4019073EC}.Debug|Any CPU.ActiveCfg = Debug|Any CPU
		{45FE1464-CBC9-4518-B27C-5EC4019073EC}.Debug|Any CPU.Build.0 = Debug|Any CPU
		{45FE1464-CBC9-4518-B27C-5EC4019073EC}.Release|Any CPU.ActiveCfg = Release|Any CPU
		{45FE1464-CBC9-4518-B27C-5EC4019073EC}.Release|Any CPU.Build.0 = Release|Any CPU
		{C3998EB9-0C3B-4CFD-9F92-B47989B77308}.Debug|Any CPU.ActiveCfg = Debug|Any CPU
		{C3998EB9-0C3B-4CFD-9F92-B47989B77308}.Debug|Any CPU.Build.0 = Debug|Any CPU
		{C3998EB9-0C3B-4CFD-9F92-B47989B77308}.Release|Any CPU.ActiveCfg = Release|Any CPU
		{C3998EB9-0C3B-4CFD-9F92-B47989B77308}.Release|Any CPU.Build.0 = Release|Any CPU
		{AB4F51B5-D3DF-4F8F-8A12-95044A2CC716}.Debug|Any CPU.ActiveCfg = Debug|Any CPU
		{AB4F51B5-D3DF-4F8F-8A12-95044A2CC716}.Debug|Any CPU.Build.0 = Debug|Any CPU
		{AB4F51B5-D3DF-4F8F-8A12-95044A2CC716}.Release|Any CPU.ActiveCfg = Release|Any CPU
		{AB4F51B5-D3DF-4F8F-8A12-95044A2CC716}.Release|Any CPU.Build.0 = Release|Any CPU
		{ED464512-7D64-4799-A580-1C88F0EEA08D}.Debug|Any CPU.ActiveCfg = Debug|Any CPU
		{ED464512-7D64-4799-A580-1C88F0EEA08D}.Debug|Any CPU.Build.0 = Debug|Any CPU
		{ED464512-7D64-4799-A580-1C88F0EEA08D}.Release|Any CPU.ActiveCfg = Release|Any CPU
		{ED464512-7D64-4799-A580-1C88F0EEA08D}.Release|Any CPU.Build.0 = Release|Any CPU
		{AE252DB0-13B7-41AB-83B4-CC4C16F6432D}.Debug|Any CPU.ActiveCfg = Debug|Any CPU
		{AE252DB0-13B7-41AB-83B4-CC4C16F6432D}.Debug|Any CPU.Build.0 = Debug|Any CPU
		{AE252DB0-13B7-41AB-83B4-CC4C16F6432D}.Release|Any CPU.ActiveCfg = Release|Any CPU
		{AE252DB0-13B7-41AB-83B4-CC4C16F6432D}.Release|Any CPU.Build.0 = Release|Any CPU
		{BCF8C097-4A0E-45D5-BFFF-7CE22D744AB0}.Debug|Any CPU.ActiveCfg = Debug|Any CPU
		{BCF8C097-4A0E-45D5-BFFF-7CE22D744AB0}.Debug|Any CPU.Build.0 = Debug|Any CPU
		{BCF8C097-4A0E-45D5-BFFF-7CE22D744AB0}.Release|Any CPU.ActiveCfg = Release|Any CPU
		{BCF8C097-4A0E-45D5-BFFF-7CE22D744AB0}.Release|Any CPU.Build.0 = Release|Any CPU
	EndGlobalSection
	GlobalSection(SolutionProperties) = preSolution
		HideSolutionNode = FALSE
	EndGlobalSection
	GlobalSection(NestedProjects) = preSolution
		{BCF8C097-4A0E-45D5-BFFF-7CE22D744AB0} = {82C05E72-3953-49DC-BC09-72C3A459979E}
	EndGlobalSection
EndGlobal
